<Solution>
  <Project Path="Cards/Cards.csproj" Id="5048d51a-b812-4d59-86a0-a660482f0d4f" />
  <Project Path="EnterNumbers/EnterNumbers.csproj" Id="66e1b051-7dcd-438d-8b7f-806406972f02" />
  <Project Path="MoneyTransactions/MoneyTransactions.csproj" Id="7de40cd7-cb4b-405b-b629-708d127c4e4f" />
  <Project Path="PlayCatch/PlayCatch.csproj" Id="6409e7f3-6844-4c58-a77a-ea6828bd2e04" />
  <Project Path="Playground/Playground.csproj" />
  <Project Path="SquareRoot/SquareRoot.csproj" Id="405151cf-13ee-4f8f-9655-12c12df0537d" />
  <Project Path="SumOfIntegers/SumOfIntegers.csproj" Id="7ed42148-31dc-4990-8013-987d5792d9b2" />
</Solution>
